
Microsoft Visual Studio Solution File, Format Version 12.00
# Visual Studio Version 16
VisualStudioVersion = 16.0.30907.101
MinimumVisualStudioVersion = 10.0.40219.1
Project("{FAE04EC0-301F-11D3-BF4B-00C04F79EFBC}") = "MetricsManager", "MetricsManager\MetricsManager.csproj", "{DDB551BB-C783-4AB5-9082-B9B0B634EC1F}"
EndProject
Global
	GlobalSection(SolutionConfigurationPlatforms) = preSolution
		Debug|Any CPU = Debug|Any CPU
		Release|Any CPU = Release|Any CPU
	EndGlobalSection
	GlobalSection(ProjectConfigurationPlatforms) = postSolution
		{DDB551BB-C783-4AB5-9082-B9B0B634EC1F}.Debug|Any CPU.ActiveCfg = Debug|Any CPU
		{DDB551BB-C783-4AB5-9082-B9B0B634EC1F}.Debug|Any CPU.Build.0 = Debug|Any CPU
		{DDB551BB-C783-4AB5-9082-B9B0B634EC1F}.Release|Any CPU.ActiveCfg = Release|Any CPU
		{DDB551BB-C783-4AB5-9082-B9B0B634EC1F}.Release|Any CPU.Build.0 = Release|Any CPU
	EndGlobalSection
	GlobalSection(SolutionProperties) = preSolution
		HideSolutionNode = FALSE
	EndGlobalSection
	GlobalSection(ExtensibilityGlobals) = postSolution
		SolutionGuid = {A67B5030-59C4-471C-8DDB-518660D0EDEA}
	EndGlobalSection
EndGlobal
